
Microsoft Visual Studio Solution File, Format Version 12.00
# Visual Studio 15
VisualStudioVersion = 15.0.26124.0
MinimumVisualStudioVersion = 15.0.26124.0
Project("{FAE04EC0-301F-11D3-BF4B-00C04F79EFBC}") = "R5T.Rathgormack.Base.Construction", "R5T.Rathgormack.Base.Construction\R5T.Rathgormack.Base.Construction.csproj", "{F941E9B6-E78A-4AB6-8862-27A7780D3EB5}"
EndProject
Project("{FAE04EC0-301F-11D3-BF4B-00C04F79EFBC}") = "R5T.Rathgormack.Base", "R5T.Rathgormack.Base\R5T.Rathgormack.Base.csproj", "{D422D4B8-AAB0-4D5D-958E-AAF0DAA70991}"
EndProject
Project("{2150E333-8FDC-42A3-9474-1A3956D46DE8}") = "_Dependencies", "_Dependencies", "{C6EE8DCF-59F6-45AF-A753-4945419CBF45}"
EndProject
Project("{FAE04EC0-301F-11D3-BF4B-00C04F79EFBC}") = "R5T.T0064", "..\..\R5T.T0064\source\R5T.T0064\R5T.T0064.csproj", "{6AAE19DF-7CD2-47A1-9D1F-FB8A88448DB9}"
EndProject
Global
	GlobalSection(SolutionConfigurationPlatforms) = preSolution
		Debug|Any CPU = Debug|Any CPU
		Debug|x64 = Debug|x64
		Debug|x86 = Debug|x86
		Release|Any CPU = Release|Any CPU
		Release|x64 = Release|x64
		Release|x86 = Release|x86
	EndGlobalSection
	GlobalSection(SolutionProperties) = preSolution
		HideSolutionNode = FALSE
	EndGlobalSection
	GlobalSection(ProjectConfigurationPlatforms) = postSolution
		{F941E9B6-E78A-4AB6-8862-27A7780D3EB5}.Debug|Any CPU.ActiveCfg = Debug|Any CPU
		{F941E9B6-E78A-4AB6-8862-27A7780D3EB5}.Debug|Any CPU.Build.0 = Debug|Any CPU
		{F941E9B6-E78A-4AB6-8862-27A7780D3EB5}.Debug|x64.ActiveCfg = Debug|Any CPU
		{F941E9B6-E78A-4AB6-8862-27A7780D3EB5}.Debug|x64.Build.0 = Debug|Any CPU
		{F941E9B6-E78A-4AB6-8862-27A7780D3EB5}.Debug|x86.ActiveCfg = Debug|Any CPU
		{F941E9B6-E78A-4AB6-8862-27A7780D3EB5}.Debug|x86.Build.0 = Debug|Any CPU
		{F941E9B6-E78A-4AB6-8862-27A7780D3EB5}.Release|Any CPU.ActiveCfg = Release|Any CPU
		{F941E9B6-E78A-4AB6-8862-27A7780D3EB5}.Release|Any CPU.Build.0 = Release|Any CPU
		{F941E9B6-E78A-4AB6-8862-27A7780D3EB5}.Release|x64.ActiveCfg = Release|Any CPU
		{F941E9B6-E78A-4AB6-8862-27A7780D3EB5}.Release|x64.Build.0 = Release|Any CPU
		{F941E9B6-E78A-4AB6-8862-27A7780D3EB5}.Release|x86.ActiveCfg = Release|Any CPU
		{F941E9B6-E78A-4AB6-8862-27A7780D3EB5}.Release|x86.Build.0 = Release|Any CPU
		{D422D4B8-AAB0-4D5D-958E-AAF0DAA70991}.Debug|Any CPU.ActiveCfg = Debug|Any CPU
		{D422D4B8-AAB0-4D5D-958E-AAF0DAA70991}.Debug|Any CPU.Build.0 = Debug|Any CPU
		{D422D4B8-AAB0-4D5D-958E-AAF0DAA70991}.Debug|x64.ActiveCfg = Debug|Any CPU
		{D422D4B8-AAB0-4D5D-958E-AAF0DAA70991}.Debug|x64.Build.0 = Debug|Any CPU
		{D422D4B8-AAB0-4D5D-958E-AAF0DAA70991}.Debug|x86.ActiveCfg = Debug|Any CPU
		{D422D4B8-AAB0-4D5D-958E-AAF0DAA70991}.Debug|x86.Build.0 = Debug|Any CPU
		{D422D4B8-AAB0-4D5D-958E-AAF0DAA70991}.Release|Any CPU.ActiveCfg = Release|Any CPU
		{D422D4B8-AAB0-4D5D-958E-AAF0DAA70991}.Release|Any CPU.Build.0 = Release|Any CPU
		{D422D4B8-AAB0-4D5D-958E-AAF0DAA70991}.Release|x64.ActiveCfg = Release|Any CPU
		{D422D4B8-AAB0-4D5D-958E-AAF0DAA70991}.Release|x64.Build.0 = Release|Any CPU
		{D422D4B8-AAB0-4D5D-958E-AAF0DAA70991}.Release|x86.ActiveCfg = Release|Any CPU
		{D422D4B8-AAB0-4D5D-958E-AAF0DAA70991}.Release|x86.Build.0 = Release|Any CPU
		{6AAE19DF-7CD2-47A1-9D1F-FB8A88448DB9}.Debug|Any CPU.ActiveCfg = Debug|Any CPU
		{6AAE19DF-7CD2-47A1-9D1F-FB8A88448DB9}.Debug|Any CPU.Build.0 = Debug|Any CPU
		{6AAE19DF-7CD2-47A1-9D1F-FB8A88448DB9}.Debug|x64.ActiveCfg = Debug|Any CPU
		{6AAE19DF-7CD2-47A1-9D1F-FB8A88448DB9}.Debug|x64.Build.0 = Debug|Any CPU
		{6AAE19DF-7CD2-47A1-9D1F-FB8A88448DB9}.Debug|x86.ActiveCfg = Debug|Any CPU
		{6AAE19DF-7CD2-47A1-9D1F-FB8A88448DB9}.Debug|x86.Build.0 = Debug|Any CPU
		{6AAE19DF-7CD2-47A1-9D1F-FB8A88448DB9}.Release|Any CPU.ActiveCfg = Release|Any CPU
		{6AAE19DF-7CD2-47A1-9D1F-FB8A88448DB9}.Release|Any CPU.Build.0 = Release|Any CPU
		{6AAE19DF-7CD2-47A1-9D1F-FB8A88448DB9}.Release|x64.ActiveCfg = Release|Any CPU
		{6AAE19DF-7CD2-47A1-9D1F-FB8A88448DB9}.Release|x64.Build.0 = Release|Any CPU
		{6AAE19DF-7CD2-47A1-9D1F-FB8A88448DB9}.Release|x86.ActiveCfg = Release|Any CPU
		{6AAE19DF-7CD2-47A1-9D1F-FB8A88448DB9}.Release|x86.Build.0 = Release|Any CPU
	EndGlobalSection
	GlobalSection(NestedProjects) = preSolution
		{6AAE19DF-7CD2-47A1-9D1F-FB8A88448DB9} = {C6EE8DCF-59F6-45AF-A753-4945419CBF45}
	EndGlobalSection
EndGlobal
